
Microsoft Visual Studio Solution File, Format Version 12.00
# Visual Studio Version 16
VisualStudioVersion = 16.0.29209.62
MinimumVisualStudioVersion = 10.0.40219.1
Project("{FAE04EC0-301F-11D3-BF4B-00C04F79EFBC}") = "WebApp", "WebApp\WebApp.csproj", "{38B41629-9268-4D51-ABCD-1E72B2044B6C}"
EndProject
Project("{FAE04EC0-301F-11D3-BF4B-00C04F79EFBC}") = "NorthWindSystem", "NorthWindSystem\NorthWindSystem.csproj", "{13280365-C573-4DB5-9462-95DEF3D0A0E5}"
EndProject
Global
	GlobalSection(SolutionConfigurationPlatforms) = preSolution
		Debug|Any CPU = Debug|Any CPU
		Release|Any CPU = Release|Any CPU
	EndGlobalSection
	GlobalSection(ProjectConfigurationPlatforms) = postSolution
		{38B41629-9268-4D51-ABCD-1E72B2044B6C}.Debug|Any CPU.ActiveCfg = Debug|Any CPU
		{38B41629-9268-4D51-ABCD-1E72B2044B6C}.Debug|Any CPU.Build.0 = Debug|Any CPU
		{38B41629-9268-4D51-ABCD-1E72B2044B6C}.Release|Any CPU.ActiveCfg = Release|Any CPU
		{38B41629-9268-4D51-ABCD-1E72B2044B6C}.Release|Any CPU.Build.0 = Release|Any CPU
		{13280365-C573-4DB5-9462-95DEF3D0A0E5}.Debug|Any CPU.ActiveCfg = Debug|Any CPU
		{13280365-C573-4DB5-9462-95DEF3D0A0E5}.Debug|Any CPU.Build.0 = Debug|Any CPU
		{13280365-C573-4DB5-9462-95DEF3D0A0E5}.Release|Any CPU.ActiveCfg = Release|Any CPU
		{13280365-C573-4DB5-9462-95DEF3D0A0E5}.Release|Any CPU.Build.0 = Release|Any CPU
	EndGlobalSection
	GlobalSection(SolutionProperties) = preSolution
		HideSolutionNode = FALSE
	EndGlobalSection
	GlobalSection(ExtensibilityGlobals) = postSolution
		SolutionGuid = {9DCA1B06-41F6-41BA-85FC-D36BA37E0FE1}
	EndGlobalSection
EndGlobal
