
Microsoft Visual Studio Solution File, Format Version 12.00
# Visual Studio Version 16
VisualStudioVersion = 16.0.29209.62
MinimumVisualStudioVersion = 10.0.40219.1
Project("{FAE04EC0-301F-11D3-BF4B-00C04F79EFBC}") = "BigFootWebApp", "BigFootWebApp\BigFootWebApp.csproj", "{AAA3E7E6-B501-4A89-8906-2CE5F3F5CAA5}"
EndProject
Project("{FAE04EC0-301F-11D3-BF4B-00C04F79EFBC}") = "FSISSystem.DWOZN", "FSISSystem.DWOZN\FSISSystem.DWOZN.csproj", "{2F965C20-B3B4-4A80-B6DD-52EFD8C7FD2C}"
EndProject
Global
	GlobalSection(SolutionConfigurationPlatforms) = preSolution
		Debug|Any CPU = Debug|Any CPU
		Release|Any CPU = Release|Any CPU
	EndGlobalSection
	GlobalSection(ProjectConfigurationPlatforms) = postSolution
		{AAA3E7E6-B501-4A89-8906-2CE5F3F5CAA5}.Debug|Any CPU.ActiveCfg = Debug|Any CPU
		{AAA3E7E6-B501-4A89-8906-2CE5F3F5CAA5}.Debug|Any CPU.Build.0 = Debug|Any CPU
		{AAA3E7E6-B501-4A89-8906-2CE5F3F5CAA5}.Release|Any CPU.ActiveCfg = Release|Any CPU
		{AAA3E7E6-B501-4A89-8906-2CE5F3F5CAA5}.Release|Any CPU.Build.0 = Release|Any CPU
		{2F965C20-B3B4-4A80-B6DD-52EFD8C7FD2C}.Debug|Any CPU.ActiveCfg = Debug|Any CPU
		{2F965C20-B3B4-4A80-B6DD-52EFD8C7FD2C}.Debug|Any CPU.Build.0 = Debug|Any CPU
		{2F965C20-B3B4-4A80-B6DD-52EFD8C7FD2C}.Release|Any CPU.ActiveCfg = Release|Any CPU
		{2F965C20-B3B4-4A80-B6DD-52EFD8C7FD2C}.Release|Any CPU.Build.0 = Release|Any CPU
	EndGlobalSection
	GlobalSection(SolutionProperties) = preSolution
		HideSolutionNode = FALSE
	EndGlobalSection
	GlobalSection(ExtensibilityGlobals) = postSolution
		SolutionGuid = {4DE5CA52-71B6-4D3F-AC47-E84FE4B56D4C}
	EndGlobalSection
EndGlobal
