
Microsoft Visual Studio Solution File, Format Version 12.00
# Visual Studio Version 16
VisualStudioVersion = 16.0.29230.47
MinimumVisualStudioVersion = 10.0.40219.1
Project("{FAE04EC0-301F-11D3-BF4B-00C04F79EFBC}") = "BigfootWebApp", "BigfootWebApp\BigfootWebApp.csproj", "{0A10B533-6C22-4C2F-A404-1EB434A82AE5}"
EndProject
Project("{FAE04EC0-301F-11D3-BF4B-00C04F79EFBC}") = "FSISSystem.DWOZ", "FSISSystem.DWOZ\FSISSystem.DWOZ.csproj", "{569DDD05-2FED-4E99-992E-838051A99C5C}"
EndProject
Global
	GlobalSection(SolutionConfigurationPlatforms) = preSolution
		Debug|Any CPU = Debug|Any CPU
		Release|Any CPU = Release|Any CPU
	EndGlobalSection
	GlobalSection(ProjectConfigurationPlatforms) = postSolution
		{0A10B533-6C22-4C2F-A404-1EB434A82AE5}.Debug|Any CPU.ActiveCfg = Debug|Any CPU
		{0A10B533-6C22-4C2F-A404-1EB434A82AE5}.Debug|Any CPU.Build.0 = Debug|Any CPU
		{0A10B533-6C22-4C2F-A404-1EB434A82AE5}.Release|Any CPU.ActiveCfg = Release|Any CPU
		{0A10B533-6C22-4C2F-A404-1EB434A82AE5}.Release|Any CPU.Build.0 = Release|Any CPU
		{569DDD05-2FED-4E99-992E-838051A99C5C}.Debug|Any CPU.ActiveCfg = Debug|Any CPU
		{569DDD05-2FED-4E99-992E-838051A99C5C}.Debug|Any CPU.Build.0 = Debug|Any CPU
		{569DDD05-2FED-4E99-992E-838051A99C5C}.Release|Any CPU.ActiveCfg = Release|Any CPU
		{569DDD05-2FED-4E99-992E-838051A99C5C}.Release|Any CPU.Build.0 = Release|Any CPU
	EndGlobalSection
	GlobalSection(SolutionProperties) = preSolution
		HideSolutionNode = FALSE
	EndGlobalSection
	GlobalSection(ExtensibilityGlobals) = postSolution
		SolutionGuid = {DB5DB393-6D1E-4EF0-922F-EF4E51F91C6B}
	EndGlobalSection
EndGlobal
